
Microsoft Visual Studio Solution File, Format Version 12.00
# Visual Studio Express 2012 for Windows Desktop
Project("{FAE04EC0-301F-11D3-BF4B-00C04F79EFBC}") = "Task1Console", "Task1Console\Task1Console.csproj", "{362E7507-6241-4EDC-817F-E93E909B9255}"
EndProject
Project("{FAE04EC0-301F-11D3-BF4B-00C04F79EFBC}") = "Task2Console", "Task2Console\Task2Console.csproj", "{E724C18D-67D9-4938-B54F-C5998C1333B5}"
EndProject
Project("{FAE04EC0-301F-11D3-BF4B-00C04F79EFBC}") = "Task3Console", "Task3Console\Task3Console.csproj", "{6651E4B6-4C33-4B48-8DD4-370113DBECA9}"
EndProject
Project("{FAE04EC0-301F-11D3-BF4B-00C04F79EFBC}") = "Task4Console", "Task4Console\Task4Console.csproj", "{6AA87A56-FB25-4D83-B8EC-35FA8C428FF1}"
EndProject
Project("{FAE04EC0-301F-11D3-BF4B-00C04F79EFBC}") = "Task6Console", "Task5Console\Task6Console.csproj", "{A0AB592A-359C-4836-B84A-2BA92FE0B06A}"
EndProject
Project("{FAE04EC0-301F-11D3-BF4B-00C04F79EFBC}") = "Task7Console", "Task6Console\Task7Console.csproj", "{154E48EA-7CA1-4798-AAAD-B8DC39E62132}"
EndProject
Project("{FAE04EC0-301F-11D3-BF4B-00C04F79EFBC}") = "Task5ConsoleW", "Task5ConsoleW\Task5ConsoleW.csproj", "{3A5D8A23-1B53-4F32-A282-D287CE587522}"
EndProject
Project("{FAE04EC0-301F-11D3-BF4B-00C04F79EFBC}") = "Task10Console", "Task10Console\Task10Console.csproj", "{A1E21C6C-2F26-4450-8C39-A9D21E7F3B5D}"
EndProject
Project("{FAE04EC0-301F-11D3-BF4B-00C04F79EFBC}") = "Task9Console", "Task9Console\Task9Console.csproj", "{365CADC2-9777-4BF4-891C-02856B2C42F6}"
EndProject
Project("{FAE04EC0-301F-11D3-BF4B-00C04F79EFBC}") = "Task8Console", "Task8Console\Task8Console.csproj", "{6678902F-4CED-48F2-AA32-994A96F5A55D}"
EndProject
Global
	GlobalSection(SolutionConfigurationPlatforms) = preSolution
		Debug|Any CPU = Debug|Any CPU
		Release|Any CPU = Release|Any CPU
	EndGlobalSection
	GlobalSection(ProjectConfigurationPlatforms) = postSolution
		{362E7507-6241-4EDC-817F-E93E909B9255}.Debug|Any CPU.ActiveCfg = Debug|Any CPU
		{362E7507-6241-4EDC-817F-E93E909B9255}.Debug|Any CPU.Build.0 = Debug|Any CPU
		{362E7507-6241-4EDC-817F-E93E909B9255}.Release|Any CPU.ActiveCfg = Release|Any CPU
		{362E7507-6241-4EDC-817F-E93E909B9255}.Release|Any CPU.Build.0 = Release|Any CPU
		{E724C18D-67D9-4938-B54F-C5998C1333B5}.Debug|Any CPU.ActiveCfg = Debug|Any CPU
		{E724C18D-67D9-4938-B54F-C5998C1333B5}.Debug|Any CPU.Build.0 = Debug|Any CPU
		{E724C18D-67D9-4938-B54F-C5998C1333B5}.Release|Any CPU.ActiveCfg = Release|Any CPU
		{E724C18D-67D9-4938-B54F-C5998C1333B5}.Release|Any CPU.Build.0 = Release|Any CPU
		{6651E4B6-4C33-4B48-8DD4-370113DBECA9}.Debug|Any CPU.ActiveCfg = Debug|Any CPU
		{6651E4B6-4C33-4B48-8DD4-370113DBECA9}.Debug|Any CPU.Build.0 = Debug|Any CPU
		{6651E4B6-4C33-4B48-8DD4-370113DBECA9}.Release|Any CPU.ActiveCfg = Release|Any CPU
		{6651E4B6-4C33-4B48-8DD4-370113DBECA9}.Release|Any CPU.Build.0 = Release|Any CPU
		{6AA87A56-FB25-4D83-B8EC-35FA8C428FF1}.Debug|Any CPU.ActiveCfg = Debug|Any CPU
		{6AA87A56-FB25-4D83-B8EC-35FA8C428FF1}.Debug|Any CPU.Build.0 = Debug|Any CPU
		{6AA87A56-FB25-4D83-B8EC-35FA8C428FF1}.Release|Any CPU.ActiveCfg = Release|Any CPU
		{6AA87A56-FB25-4D83-B8EC-35FA8C428FF1}.Release|Any CPU.Build.0 = Release|Any CPU
		{A0AB592A-359C-4836-B84A-2BA92FE0B06A}.Debug|Any CPU.ActiveCfg = Debug|Any CPU
		{A0AB592A-359C-4836-B84A-2BA92FE0B06A}.Debug|Any CPU.Build.0 = Debug|Any CPU
		{A0AB592A-359C-4836-B84A-2BA92FE0B06A}.Release|Any CPU.ActiveCfg = Release|Any CPU
		{A0AB592A-359C-4836-B84A-2BA92FE0B06A}.Release|Any CPU.Build.0 = Release|Any CPU
		{154E48EA-7CA1-4798-AAAD-B8DC39E62132}.Debug|Any CPU.ActiveCfg = Debug|Any CPU
		{154E48EA-7CA1-4798-AAAD-B8DC39E62132}.Debug|Any CPU.Build.0 = Debug|Any CPU
		{154E48EA-7CA1-4798-AAAD-B8DC39E62132}.Release|Any CPU.ActiveCfg = Release|Any CPU
		{154E48EA-7CA1-4798-AAAD-B8DC39E62132}.Release|Any CPU.Build.0 = Release|Any CPU
		{3A5D8A23-1B53-4F32-A282-D287CE587522}.Debug|Any CPU.ActiveCfg = Debug|Any CPU
		{3A5D8A23-1B53-4F32-A282-D287CE587522}.Debug|Any CPU.Build.0 = Debug|Any CPU
		{3A5D8A23-1B53-4F32-A282-D287CE587522}.Release|Any CPU.ActiveCfg = Release|Any CPU
		{3A5D8A23-1B53-4F32-A282-D287CE587522}.Release|Any CPU.Build.0 = Release|Any CPU
		{A1E21C6C-2F26-4450-8C39-A9D21E7F3B5D}.Debug|Any CPU.ActiveCfg = Debug|Any CPU
		{A1E21C6C-2F26-4450-8C39-A9D21E7F3B5D}.Debug|Any CPU.Build.0 = Debug|Any CPU
		{A1E21C6C-2F26-4450-8C39-A9D21E7F3B5D}.Release|Any CPU.ActiveCfg = Release|Any CPU
		{A1E21C6C-2F26-4450-8C39-A9D21E7F3B5D}.Release|Any CPU.Build.0 = Release|Any CPU
		{365CADC2-9777-4BF4-891C-02856B2C42F6}.Debug|Any CPU.ActiveCfg = Debug|Any CPU
		{365CADC2-9777-4BF4-891C-02856B2C42F6}.Debug|Any CPU.Build.0 = Debug|Any CPU
		{365CADC2-9777-4BF4-891C-02856B2C42F6}.Release|Any CPU.ActiveCfg = Release|Any CPU
		{365CADC2-9777-4BF4-891C-02856B2C42F6}.Release|Any CPU.Build.0 = Release|Any CPU
		{6678902F-4CED-48F2-AA32-994A96F5A55D}.Debug|Any CPU.ActiveCfg = Debug|Any CPU
		{6678902F-4CED-48F2-AA32-994A96F5A55D}.Debug|Any CPU.Build.0 = Debug|Any CPU
		{6678902F-4CED-48F2-AA32-994A96F5A55D}.Release|Any CPU.ActiveCfg = Release|Any CPU
		{6678902F-4CED-48F2-AA32-994A96F5A55D}.Release|Any CPU.Build.0 = Release|Any CPU
	EndGlobalSection
	GlobalSection(SolutionProperties) = preSolution
		HideSolutionNode = FALSE
	EndGlobalSection
EndGlobal
